// !$*UTF8*$!
{
	archiveVersion = 1;
	classes = {
	};
	objectVersion = 56;
	objects = {

/* Begin PBXBuildFile section */
		1EB2DA01298B2B7A00358B0D /* AppDelegate.swift in Sources */ = {isa = PBXBuildFile; fileRef = 1EB2DA00298B2B7A00358B0D /* AppDelegate.swift */; };
		1EB2DA03298B2B7A00358B0D /* SceneDelegate.swift in Sources */ = {isa = PBXBuildFile; fileRef = 1EB2DA02298B2B7A00358B0D /* SceneDelegate.swift */; };
		1EB2DA05298B2B7A00358B0D /* RMTabBarController.swift in Sources */ = {isa = PBXBuildFile; fileRef = 1EB2DA04298B2B7A00358B0D /* RMTabBarController.swift */; };
		1EB2DA0A298B2B7B00358B0D /* Assets.xcassets in Resources */ = {isa = PBXBuildFile; fileRef = 1EB2DA09298B2B7B00358B0D /* Assets.xcassets */; };
		1EB2DA0D298B2B7B00358B0D /* LaunchScreen.storyboard in Resources */ = {isa = PBXBuildFile; fileRef = 1EB2DA0B298B2B7B00358B0D /* LaunchScreen.storyboard */; };
		1EB2DA1C298B2E6500358B0D /* RMLocation.swift in Sources */ = {isa = PBXBuildFile; fileRef = 1EB2DA1B298B2E6500358B0D /* RMLocation.swift */; };
		1EB2DA1E298B2E6F00358B0D /* RMCharacter.swift in Sources */ = {isa = PBXBuildFile; fileRef = 1EB2DA1D298B2E6F00358B0D /* RMCharacter.swift */; };
		1EB2DA20298B2E7500358B0D /* RMEpisode.swift in Sources */ = {isa = PBXBuildFile; fileRef = 1EB2DA1F298B2E7500358B0D /* RMEpisode.swift */; };
		1EB2DA23298B2EDB00358B0D /* RMCharacterViewController.swift in Sources */ = {isa = PBXBuildFile; fileRef = 1EB2DA22298B2EDB00358B0D /* RMCharacterViewController.swift */; };
		1EB2DA25298B2EE300358B0D /* RMLocationViewController.swift in Sources */ = {isa = PBXBuildFile; fileRef = 1EB2DA24298B2EE300358B0D /* RMLocationViewController.swift */; };
		1EB2DA27298B2EEB00358B0D /* RMEpisodeViewController.swift in Sources */ = {isa = PBXBuildFile; fileRef = 1EB2DA26298B2EEB00358B0D /* RMEpisodeViewController.swift */; };
		1EB2DA29298B2EF100358B0D /* RMSettingsViewController.swift in Sources */ = {isa = PBXBuildFile; fileRef = 1EB2DA28298B2EF100358B0D /* RMSettingsViewController.swift */; };
		1EB2DA2B298B3B8600358B0D /* RMService.swift in Sources */ = {isa = PBXBuildFile; fileRef = 1EB2DA2A298B3B8600358B0D /* RMService.swift */; };
		1EB2DA2D298B3B8D00358B0D /* RMRequest.swift in Sources */ = {isa = PBXBuildFile; fileRef = 1EB2DA2C298B3B8D00358B0D /* RMRequest.swift */; };
		1EB2DA2F298B3C2800358B0D /* RMEndpoint.swift in Sources */ = {isa = PBXBuildFile; fileRef = 1EB2DA2E298B3C2800358B0D /* RMEndpoint.swift */; };
		1EB2DA312990261500358B0D /* RMOrigin.swift in Sources */ = {isa = PBXBuildFile; fileRef = 1EB2DA302990261500358B0D /* RMOrigin.swift */; };
		1EB2DA33299026AB00358B0D /* RMSingleLocation.swift in Sources */ = {isa = PBXBuildFile; fileRef = 1EB2DA32299026AB00358B0D /* RMSingleLocation.swift */; };
		1EB2DA352990278200358B0D /* RMCharacterStatus.swift in Sources */ = {isa = PBXBuildFile; fileRef = 1EB2DA342990278200358B0D /* RMCharacterStatus.swift */; };
		1EB2DA37299027A100358B0D /* RMCharacterGender.swift in Sources */ = {isa = PBXBuildFile; fileRef = 1EB2DA36299027A100358B0D /* RMCharacterGender.swift */; };
		1EB2DA3B2990628000358B0D /* RMGetAllCharactersResponse.swift in Sources */ = {isa = PBXBuildFile; fileRef = 1EB2DA3A2990628000358B0D /* RMGetAllCharactersResponse.swift */; };
		1EB2DA3D299095EF00358B0D /* RMCharacterListViewModel.swift in Sources */ = {isa = PBXBuildFile; fileRef = 1EB2DA3C299095EF00358B0D /* RMCharacterListViewModel.swift */; };
		1EB2DA3F2990964600358B0D /* RMCharacterListView.swift in Sources */ = {isa = PBXBuildFile; fileRef = 1EB2DA3E2990964600358B0D /* RMCharacterListView.swift */; };
		1EB2DA41299135D800358B0D /* Extensions.swift in Sources */ = {isa = PBXBuildFile; fileRef = 1EB2DA40299135D800358B0D /* Extensions.swift */; };
		1EB2DA43299D90EF00358B0D /* RMCharacterCollectionViewCell.swift in Sources */ = {isa = PBXBuildFile; fileRef = 1EB2DA42299D90EF00358B0D /* RMCharacterCollectionViewCell.swift */; };
		1EB2DA45299D92C400358B0D /* RMCharacterCollectionViewCellViewModel.swift in Sources */ = {isa = PBXBuildFile; fileRef = 1EB2DA44299D92C400358B0D /* RMCharacterCollectionViewCellViewModel.swift */; };
		1EB2DA4829A2E7D800358B0D /* RMCharacterDetailViewController.swift in Sources */ = {isa = PBXBuildFile; fileRef = 1EB2DA4729A2E7D800358B0D /* RMCharacterDetailViewController.swift */; };
		1EB2DA4A29A2E84800358B0D /* RMCharacterDetailViewViewModel.swift in Sources */ = {isa = PBXBuildFile; fileRef = 1EB2DA4929A2E84800358B0D /* RMCharacterDetailViewViewModel.swift */; };
		1EB2DA4C29A5459D00358B0D /* RMCharacterListLoadingFooterView.swift in Sources */ = {isa = PBXBuildFile; fileRef = 1EB2DA4B29A5459D00358B0D /* RMCharacterListLoadingFooterView.swift */; };
/* End PBXBuildFile section */

/* Begin PBXFileReference section */
		1EB2D9FD298B2B7A00358B0D /* RickAndMorty.app */ = {isa = PBXFileReference; explicitFileType = wrapper.application; includeInIndex = 0; path = RickAndMorty.app; sourceTree = BUILT_PRODUCTS_DIR; };
		1EB2DA00298B2B7A00358B0D /* AppDelegate.swift */ = {isa = PBXFileReference; lastKnownFileType = sourcecode.swift; path = AppDelegate.swift; sourceTree = "<group>"; };
		1EB2DA02298B2B7A00358B0D /* SceneDelegate.swift */ = {isa = PBXFileReference; lastKnownFileType = sourcecode.swift; path = SceneDelegate.swift; sourceTree = "<group>"; };
		1EB2DA04298B2B7A00358B0D /* RMTabBarController.swift */ = {isa = PBXFileReference; lastKnownFileType = sourcecode.swift; path = RMTabBarController.swift; sourceTree = "<group>"; };
		1EB2DA09298B2B7B00358B0D /* Assets.xcassets */ = {isa = PBXFileReference; lastKnownFileType = folder.assetcatalog; path = Assets.xcassets; sourceTree = "<group>"; };
		1EB2DA0C298B2B7B00358B0D /* Base */ = {isa = PBXFileReference; lastKnownFileType = file.storyboard; name = Base; path = Base.lproj/LaunchScreen.storyboard; sourceTree = "<group>"; };
		1EB2DA0E298B2B7B00358B0D /* Info.plist */ = {isa = PBXFileReference; lastKnownFileType = text.plist.xml; path = Info.plist; sourceTree = "<group>"; };
		1EB2DA1B298B2E6500358B0D /* RMLocation.swift */ = {isa = PBXFileReference; lastKnownFileType = sourcecode.swift; path = RMLocation.swift; sourceTree = "<group>"; };
		1EB2DA1D298B2E6F00358B0D /* RMCharacter.swift */ = {isa = PBXFileReference; lastKnownFileType = sourcecode.swift; path = RMCharacter.swift; sourceTree = "<group>"; };
		1EB2DA1F298B2E7500358B0D /* RMEpisode.swift */ = {isa = PBXFileReference; lastKnownFileType = sourcecode.swift; path = RMEpisode.swift; sourceTree = "<group>"; };
		1EB2DA22298B2EDB00358B0D /* RMCharacterViewController.swift */ = {isa = PBXFileReference; lastKnownFileType = sourcecode.swift; path = RMCharacterViewController.swift; sourceTree = "<group>"; };
		1EB2DA24298B2EE300358B0D /* RMLocationViewController.swift */ = {isa = PBXFileReference; lastKnownFileType = sourcecode.swift; path = RMLocationViewController.swift; sourceTree = "<group>"; };
		1EB2DA26298B2EEB00358B0D /* RMEpisodeViewController.swift */ = {isa = PBXFileReference; lastKnownFileType = sourcecode.swift; path = RMEpisodeViewController.swift; sourceTree = "<group>"; };
		1EB2DA28298B2EF100358B0D /* RMSettingsViewController.swift */ = {isa = PBXFileReference; lastKnownFileType = sourcecode.swift; path = RMSettingsViewController.swift; sourceTree = "<group>"; };
		1EB2DA2A298B3B8600358B0D /* RMService.swift */ = {isa = PBXFileReference; lastKnownFileType = sourcecode.swift; path = RMService.swift; sourceTree = "<group>"; };
		1EB2DA2C298B3B8D00358B0D /* RMRequest.swift */ = {isa = PBXFileReference; lastKnownFileType = sourcecode.swift; path = RMRequest.swift; sourceTree = "<group>"; };
		1EB2DA2E298B3C2800358B0D /* RMEndpoint.swift */ = {isa = PBXFileReference; lastKnownFileType = sourcecode.swift; path = RMEndpoint.swift; sourceTree = "<group>"; };
		1EB2DA302990261500358B0D /* RMOrigin.swift */ = {isa = PBXFileReference; lastKnownFileType = sourcecode.swift; path = RMOrigin.swift; sourceTree = "<group>"; };
		1EB2DA32299026AB00358B0D /* RMSingleLocation.swift */ = {isa = PBXFileReference; lastKnownFileType = sourcecode.swift; path = RMSingleLocation.swift; sourceTree = "<group>"; };
		1EB2DA342990278200358B0D /* RMCharacterStatus.swift */ = {isa = PBXFileReference; lastKnownFileType = sourcecode.swift; path = RMCharacterStatus.swift; sourceTree = "<group>"; };
		1EB2DA36299027A100358B0D /* RMCharacterGender.swift */ = {isa = PBXFileReference; lastKnownFileType = sourcecode.swift; path = RMCharacterGender.swift; sourceTree = "<group>"; };
		1EB2DA3A2990628000358B0D /* RMGetAllCharactersResponse.swift */ = {isa = PBXFileReference; lastKnownFileType = sourcecode.swift; path = RMGetAllCharactersResponse.swift; sourceTree = "<group>"; };
		1EB2DA3C299095EF00358B0D /* RMCharacterListViewModel.swift */ = {isa = PBXFileReference; lastKnownFileType = sourcecode.swift; path = RMCharacterListViewModel.swift; sourceTree = "<group>"; };
		1EB2DA3E2990964600358B0D /* RMCharacterListView.swift */ = {isa = PBXFileReference; lastKnownFileType = sourcecode.swift; path = RMCharacterListView.swift; sourceTree = "<group>"; };
		1EB2DA40299135D800358B0D /* Extensions.swift */ = {isa = PBXFileReference; lastKnownFileType = sourcecode.swift; path = Extensions.swift; sourceTree = "<group>"; };
		1EB2DA42299D90EF00358B0D /* RMCharacterCollectionViewCell.swift */ = {isa = PBXFileReference; lastKnownFileType = sourcecode.swift; path = RMCharacterCollectionViewCell.swift; sourceTree = "<group>"; };
		1EB2DA44299D92C400358B0D /* RMCharacterCollectionViewCellViewModel.swift */ = {isa = PBXFileReference; lastKnownFileType = sourcecode.swift; path = RMCharacterCollectionViewCellViewModel.swift; sourceTree = "<group>"; };
		1EB2DA4729A2E7D800358B0D /* RMCharacterDetailViewController.swift */ = {isa = PBXFileReference; lastKnownFileType = sourcecode.swift; path = RMCharacterDetailViewController.swift; sourceTree = "<group>"; };
		1EB2DA4929A2E84800358B0D /* RMCharacterDetailViewViewModel.swift */ = {isa = PBXFileReference; lastKnownFileType = sourcecode.swift; path = RMCharacterDetailViewViewModel.swift; sourceTree = "<group>"; };
		1EB2DA4B29A5459D00358B0D /* RMCharacterListLoadingFooterView.swift */ = {isa = PBXFileReference; lastKnownFileType = sourcecode.swift; path = RMCharacterListLoadingFooterView.swift; sourceTree = "<group>"; };
/* End PBXFileReference section */

/* Begin PBXFrameworksBuildPhase section */
		1EB2D9FA298B2B7A00358B0D /* Frameworks */ = {
			isa = PBXFrameworksBuildPhase;
			buildActionMask = 2147483647;
			files = (
			);
			runOnlyForDeploymentPostprocessing = 0;
		};
/* End PBXFrameworksBuildPhase section */

/* Begin PBXGroup section */
		1EB2D9F4298B2B7900358B0D = {
			isa = PBXGroup;
			children = (
				1EB2D9FF298B2B7A00358B0D /* RickAndMorty */,
				1EB2D9FE298B2B7A00358B0D /* Products */,
			);
			sourceTree = "<group>";
		};
		1EB2D9FE298B2B7A00358B0D /* Products */ = {
			isa = PBXGroup;
			children = (
				1EB2D9FD298B2B7A00358B0D /* RickAndMorty.app */,
			);
			name = Products;
			sourceTree = "<group>";
		};
		1EB2D9FF298B2B7A00358B0D /* RickAndMorty */ = {
			isa = PBXGroup;
			children = (
				1EB2DA1A298B2DE300358B0D /* Resources */,
				1EB2DA19298B2DC700358B0D /* Managers */,
				1EB2DA18298B2DB000358B0D /* APIClient */,
				1EB2DA17298B2D9000358B0D /* ViewModels */,
				1EB2DA16298B2D8100358B0D /* Views */,
				1EB2DA15298B2D7900358B0D /* Model */,
				1EB2DA14298B2D7200358B0D /* Controllers */,
				1EB2DA0E298B2B7B00358B0D /* Info.plist */,
			);
			path = RickAndMorty;
			sourceTree = "<group>";
		};
		1EB2DA14298B2D7200358B0D /* Controllers */ = {
			isa = PBXGroup;
			children = (
				1EB2DA4629A2E7C100358B0D /* Other */,
				1EB2DA21298B2EB800358B0D /* Core */,
				1EB2DA04298B2B7A00358B0D /* RMTabBarController.swift */,
			);
			path = Controllers;
			sourceTree = "<group>";
		};
		1EB2DA15298B2D7900358B0D /* Model */ = {
			isa = PBXGroup;
			children = (
				1EB2DA392990625800358B0D /* ResultTypes */,
				1EB2DA382990624F00358B0D /* DataTypes */,
			);
			path = Model;
			sourceTree = "<group>";
		};
		1EB2DA16298B2D8100358B0D /* Views */ = {
			isa = PBXGroup;
			children = (
				1EB2DA3E2990964600358B0D /* RMCharacterListView.swift */,
				1EB2DA42299D90EF00358B0D /* RMCharacterCollectionViewCell.swift */,
				1EB2DA4B29A5459D00358B0D /* RMCharacterListLoadingFooterView.swift */,
			);
			path = Views;
			sourceTree = "<group>";
		};
		1EB2DA17298B2D9000358B0D /* ViewModels */ = {
			isa = PBXGroup;
			children = (
				1EB2DA3C299095EF00358B0D /* RMCharacterListViewModel.swift */,
				1EB2DA44299D92C400358B0D /* RMCharacterCollectionViewCellViewModel.swift */,
				1EB2DA4929A2E84800358B0D /* RMCharacterDetailViewViewModel.swift */,
			);
			path = ViewModels;
			sourceTree = "<group>";
		};
		1EB2DA18298B2DB000358B0D /* APIClient */ = {
			isa = PBXGroup;
			children = (
				1EB2DA2A298B3B8600358B0D /* RMService.swift */,
				1EB2DA2C298B3B8D00358B0D /* RMRequest.swift */,
				1EB2DA2E298B3C2800358B0D /* RMEndpoint.swift */,
			);
			path = APIClient;
			sourceTree = "<group>";
		};
		1EB2DA19298B2DC700358B0D /* Managers */ = {
			isa = PBXGroup;
			children = (
			);
			path = Managers;
			sourceTree = "<group>";
		};
		1EB2DA1A298B2DE300358B0D /* Resources */ = {
			isa = PBXGroup;
			children = (
				1EB2DA00298B2B7A00358B0D /* AppDelegate.swift */,
				1EB2DA02298B2B7A00358B0D /* SceneDelegate.swift */,
				1EB2DA09298B2B7B00358B0D /* Assets.xcassets */,
				1EB2DA0B298B2B7B00358B0D /* LaunchScreen.storyboard */,
				1EB2DA40299135D800358B0D /* Extensions.swift */,
			);
			path = Resources;
			sourceTree = "<group>";
		};
		1EB2DA21298B2EB800358B0D /* Core */ = {
			isa = PBXGroup;
			children = (
				1EB2DA22298B2EDB00358B0D /* RMCharacterViewController.swift */,
				1EB2DA24298B2EE300358B0D /* RMLocationViewController.swift */,
				1EB2DA26298B2EEB00358B0D /* RMEpisodeViewController.swift */,
				1EB2DA28298B2EF100358B0D /* RMSettingsViewController.swift */,
			);
			path = Core;
			sourceTree = "<group>";
		};
		1EB2DA382990624F00358B0D /* DataTypes */ = {
			isa = PBXGroup;
			children = (
				1EB2DA1B298B2E6500358B0D /* RMLocation.swift */,
				1EB2DA1D298B2E6F00358B0D /* RMCharacter.swift */,
				1EB2DA1F298B2E7500358B0D /* RMEpisode.swift */,
				1EB2DA302990261500358B0D /* RMOrigin.swift */,
				1EB2DA32299026AB00358B0D /* RMSingleLocation.swift */,
				1EB2DA342990278200358B0D /* RMCharacterStatus.swift */,
				1EB2DA36299027A100358B0D /* RMCharacterGender.swift */,
			);
			path = DataTypes;
			sourceTree = "<group>";
		};
		1EB2DA392990625800358B0D /* ResultTypes */ = {
			isa = PBXGroup;
			children = (
				1EB2DA3A2990628000358B0D /* RMGetAllCharactersResponse.swift */,
			);
			path = ResultTypes;
			sourceTree = "<group>";
		};
		1EB2DA4629A2E7C100358B0D /* Other */ = {
			isa = PBXGroup;
			children = (
				1EB2DA4729A2E7D800358B0D /* RMCharacterDetailViewController.swift */,
			);
			path = Other;
			sourceTree = "<group>";
		};
/* End PBXGroup section */

/* Begin PBXNativeTarget section */
		1EB2D9FC298B2B7A00358B0D /* RickAndMorty */ = {
			isa = PBXNativeTarget;
			buildConfigurationList = 1EB2DA11298B2B7B00358B0D /* Build configuration list for PBXNativeTarget "RickAndMorty" */;
			buildPhases = (
				1EB2D9F9298B2B7A00358B0D /* Sources */,
				1EB2D9FA298B2B7A00358B0D /* Frameworks */,
				1EB2D9FB298B2B7A00358B0D /* Resources */,
			);
			buildRules = (
			);
			dependencies = (
			);
			name = RickAndMorty;
			productName = RickAndMorty;
			productReference = 1EB2D9FD298B2B7A00358B0D /* RickAndMorty.app */;
			productType = "com.apple.product-type.application";
		};
/* End PBXNativeTarget section */

/* Begin PBXProject section */
		1EB2D9F5298B2B7900358B0D /* Project object */ = {
			isa = PBXProject;
			attributes = {
				BuildIndependentTargetsInParallel = 1;
				LastSwiftUpdateCheck = 1420;
				LastUpgradeCheck = 1420;
				TargetAttributes = {
					1EB2D9FC298B2B7A00358B0D = {
						CreatedOnToolsVersion = 14.2;
					};
				};
			};
			buildConfigurationList = 1EB2D9F8298B2B7900358B0D /* Build configuration list for PBXProject "RickAndMorty" */;
			compatibilityVersion = "Xcode 14.0";
			developmentRegion = en;
			hasScannedForEncodings = 0;
			knownRegions = (
				en,
				Base,
			);
			mainGroup = 1EB2D9F4298B2B7900358B0D;
			productRefGroup = 1EB2D9FE298B2B7A00358B0D /* Products */;
			projectDirPath = "";
			projectRoot = "";
			targets = (
				1EB2D9FC298B2B7A00358B0D /* RickAndMorty */,
			);
		};
/* End PBXProject section */

/* Begin PBXResourcesBuildPhase section */
		1EB2D9FB298B2B7A00358B0D /* Resources */ = {
			isa = PBXResourcesBuildPhase;
			buildActionMask = 2147483647;
			files = (
				1EB2DA0D298B2B7B00358B0D /* LaunchScreen.storyboard in Resources */,
				1EB2DA0A298B2B7B00358B0D /* Assets.xcassets in Resources */,
			);
			runOnlyForDeploymentPostprocessing = 0;
		};
/* End PBXResourcesBuildPhase section */

/* Begin PBXSourcesBuildPhase section */
		1EB2D9F9298B2B7A00358B0D /* Sources */ = {
			isa = PBXSourcesBuildPhase;
			buildActionMask = 2147483647;
			files = (
				1EB2DA312990261500358B0D /* RMOrigin.swift in Sources */,
				1EB2DA33299026AB00358B0D /* RMSingleLocation.swift in Sources */,
				1EB2DA3F2990964600358B0D /* RMCharacterListView.swift in Sources */,
				1EB2DA3B2990628000358B0D /* RMGetAllCharactersResponse.swift in Sources */,
				1EB2DA352990278200358B0D /* RMCharacterStatus.swift in Sources */,
				1EB2DA37299027A100358B0D /* RMCharacterGender.swift in Sources */,
				1EB2DA4829A2E7D800358B0D /* RMCharacterDetailViewController.swift in Sources */,
				1EB2DA25298B2EE300358B0D /* RMLocationViewController.swift in Sources */,
				1EB2DA20298B2E7500358B0D /* RMEpisode.swift in Sources */,
				1EB2DA4A29A2E84800358B0D /* RMCharacterDetailViewViewModel.swift in Sources */,
				1EB2DA05298B2B7A00358B0D /* RMTabBarController.swift in Sources */,
				1EB2DA43299D90EF00358B0D /* RMCharacterCollectionViewCell.swift in Sources */,
				1EB2DA27298B2EEB00358B0D /* RMEpisodeViewController.swift in Sources */,
				1EB2DA01298B2B7A00358B0D /* AppDelegate.swift in Sources */,
				1EB2DA03298B2B7A00358B0D /* SceneDelegate.swift in Sources */,
				1EB2DA29298B2EF100358B0D /* RMSettingsViewController.swift in Sources */,
				1EB2DA41299135D800358B0D /* Extensions.swift in Sources */,
				1EB2DA2B298B3B8600358B0D /* RMService.swift in Sources */,
				1EB2DA1C298B2E6500358B0D /* RMLocation.swift in Sources */,
				1EB2DA2F298B3C2800358B0D /* RMEndpoint.swift in Sources */,
				1EB2DA1E298B2E6F00358B0D /* RMCharacter.swift in Sources */,
				1EB2DA45299D92C400358B0D /* RMCharacterCollectionViewCellViewModel.swift in Sources */,
				1EB2DA2D298B3B8D00358B0D /* RMRequest.swift in Sources */,
				1EB2DA4C29A5459D00358B0D /* RMCharacterListLoadingFooterView.swift in Sources */,
				1EB2DA23298B2EDB00358B0D /* RMCharacterViewController.swift in Sources */,
				1EB2DA3D299095EF00358B0D /* RMCharacterListViewModel.swift in Sources */,
			);
			runOnlyForDeploymentPostprocessing = 0;
		};
/* End PBXSourcesBuildPhase section */

/* Begin PBXVariantGroup section */
		1EB2DA0B298B2B7B00358B0D /* LaunchScreen.storyboard */ = {
			isa = PBXVariantGroup;
			children = (
				1EB2DA0C298B2B7B00358B0D /* Base */,
			);
			name = LaunchScreen.storyboard;
			sourceTree = "<group>";
		};
/* End PBXVariantGroup section */

/* Begin XCBuildConfiguration section */
		1EB2DA0F298B2B7B00358B0D /* Debug */ = {
			isa = XCBuildConfiguration;
			buildSettings = {
				ALWAYS_SEARCH_USER_PATHS = NO;
				CLANG_ANALYZER_NONNULL = YES;
				CLANG_ANALYZER_NUMBER_OBJECT_CONVERSION = YES_AGGRESSIVE;
				CLANG_CXX_LANGUAGE_STANDARD = "gnu++20";
				CLANG_ENABLE_MODULES = YES;
				CLANG_ENABLE_OBJC_ARC = YES;
				CLANG_ENABLE_OBJC_WEAK = YES;
				CLANG_WARN_BLOCK_CAPTURE_AUTORELEASING = YES;
				CLANG_WARN_BOOL_CONVERSION = YES;
				CLANG_WARN_COMMA = YES;
				CLANG_WARN_CONSTANT_CONVERSION = YES;
				CLANG_WARN_DEPRECATED_OBJC_IMPLEMENTATIONS = YES;
				CLANG_WARN_DIRECT_OBJC_ISA_USAGE = YES_ERROR;
				CLANG_WARN_DOCUMENTATION_COMMENTS = YES;
				CLANG_WARN_EMPTY_BODY = YES;
				CLANG_WARN_ENUM_CONVERSION = YES;
				CLANG_WARN_INFINITE_RECURSION = YES;
				CLANG_WARN_INT_CONVERSION = YES;
				CLANG_WARN_NON_LITERAL_NULL_CONVERSION = YES;
				CLANG_WARN_OBJC_IMPLICIT_RETAIN_SELF = YES;
				CLANG_WARN_OBJC_LITERAL_CONVERSION = YES;
				CLANG_WARN_OBJC_ROOT_CLASS = YES_ERROR;
				CLANG_WARN_QUOTED_INCLUDE_IN_FRAMEWORK_HEADER = YES;
				CLANG_WARN_RANGE_LOOP_ANALYSIS = YES;
				CLANG_WARN_STRICT_PROTOTYPES = YES;
				CLANG_WARN_SUSPICIOUS_MOVE = YES;
				CLANG_WARN_UNGUARDED_AVAILABILITY = YES_AGGRESSIVE;
				CLANG_WARN_UNREACHABLE_CODE = YES;
				CLANG_WARN__DUPLICATE_METHOD_MATCH = YES;
				COPY_PHASE_STRIP = NO;
				DEBUG_INFORMATION_FORMAT = dwarf;
				ENABLE_STRICT_OBJC_MSGSEND = YES;
				ENABLE_TESTABILITY = YES;
				GCC_C_LANGUAGE_STANDARD = gnu11;
				GCC_DYNAMIC_NO_PIC = NO;
				GCC_NO_COMMON_BLOCKS = YES;
				GCC_OPTIMIZATION_LEVEL = 0;
				GCC_PREPROCESSOR_DEFINITIONS = (
					"DEBUG=1",
					"$(inherited)",
				);
				GCC_WARN_64_TO_32_BIT_CONVERSION = YES;
				GCC_WARN_ABOUT_RETURN_TYPE = YES_ERROR;
				GCC_WARN_UNDECLARED_SELECTOR = YES;
				GCC_WARN_UNINITIALIZED_AUTOS = YES_AGGRESSIVE;
				GCC_WARN_UNUSED_FUNCTION = YES;
				GCC_WARN_UNUSED_VARIABLE = YES;
				IPHONEOS_DEPLOYMENT_TARGET = 16.2;
				MTL_ENABLE_DEBUG_INFO = INCLUDE_SOURCE;
				MTL_FAST_MATH = YES;
				ONLY_ACTIVE_ARCH = YES;
				SDKROOT = iphoneos;
				SWIFT_ACTIVE_COMPILATION_CONDITIONS = DEBUG;
				SWIFT_OPTIMIZATION_LEVEL = "-Onone";
			};
			name = Debug;
		};
		1EB2DA10298B2B7B00358B0D /* Release */ = {
			isa = XCBuildConfiguration;
			buildSettings = {
				ALWAYS_SEARCH_USER_PATHS = NO;
				CLANG_ANALYZER_NONNULL = YES;
				CLANG_ANALYZER_NUMBER_OBJECT_CONVERSION = YES_AGGRESSIVE;
				CLANG_CXX_LANGUAGE_STANDARD = "gnu++20";
				CLANG_ENABLE_MODULES = YES;
				CLANG_ENABLE_OBJC_ARC = YES;
				CLANG_ENABLE_OBJC_WEAK = YES;
				CLANG_WARN_BLOCK_CAPTURE_AUTORELEASING = YES;
				CLANG_WARN_BOOL_CONVERSION = YES;
				CLANG_WARN_COMMA = YES;
				CLANG_WARN_CONSTANT_CONVERSION = YES;
				CLANG_WARN_DEPRECATED_OBJC_IMPLEMENTATIONS = YES;
				CLANG_WARN_DIRECT_OBJC_ISA_USAGE = YES_ERROR;
				CLANG_WARN_DOCUMENTATION_COMMENTS = YES;
				CLANG_WARN_EMPTY_BODY = YES;
				CLANG_WARN_ENUM_CONVERSION = YES;
				CLANG_WARN_INFINITE_RECURSION = YES;
				CLANG_WARN_INT_CONVERSION = YES;
				CLANG_WARN_NON_LITERAL_NULL_CONVERSION = YES;
				CLANG_WARN_OBJC_IMPLICIT_RETAIN_SELF = YES;
				CLANG_WARN_OBJC_LITERAL_CONVERSION = YES;
				CLANG_WARN_OBJC_ROOT_CLASS = YES_ERROR;
				CLANG_WARN_QUOTED_INCLUDE_IN_FRAMEWORK_HEADER = YES;
				CLANG_WARN_RANGE_LOOP_ANALYSIS = YES;
				CLANG_WARN_STRICT_PROTOTYPES = YES;
				CLANG_WARN_SUSPICIOUS_MOVE = YES;
				CLANG_WARN_UNGUARDED_AVAILABILITY = YES_AGGRESSIVE;
				CLANG_WARN_UNREACHABLE_CODE = YES;
				CLANG_WARN__DUPLICATE_METHOD_MATCH = YES;
				COPY_PHASE_STRIP = NO;
				DEBUG_INFORMATION_FORMAT = "dwarf-with-dsym";
				ENABLE_NS_ASSERTIONS = NO;
				ENABLE_STRICT_OBJC_MSGSEND = YES;
				GCC_C_LANGUAGE_STANDARD = gnu11;
				GCC_NO_COMMON_BLOCKS = YES;
				GCC_WARN_64_TO_32_BIT_CONVERSION = YES;
				GCC_WARN_ABOUT_RETURN_TYPE = YES_ERROR;
				GCC_WARN_UNDECLARED_SELECTOR = YES;
				GCC_WARN_UNINITIALIZED_AUTOS = YES_AGGRESSIVE;
				GCC_WARN_UNUSED_FUNCTION = YES;
				GCC_WARN_UNUSED_VARIABLE = YES;
				IPHONEOS_DEPLOYMENT_TARGET = 16.2;
				MTL_ENABLE_DEBUG_INFO = NO;
				MTL_FAST_MATH = YES;
				SDKROOT = iphoneos;
				SWIFT_COMPILATION_MODE = wholemodule;
				SWIFT_OPTIMIZATION_LEVEL = "-O";
				VALIDATE_PRODUCT = YES;
			};
			name = Release;
		};
		1EB2DA12298B2B7B00358B0D /* Debug */ = {
			isa = XCBuildConfiguration;
			buildSettings = {
				ASSETCATALOG_COMPILER_APPICON_NAME = AppIcon;
				ASSETCATALOG_COMPILER_GLOBAL_ACCENT_COLOR_NAME = AccentColor;
				CODE_SIGN_STYLE = Automatic;
				CURRENT_PROJECT_VERSION = 1;
				GENERATE_INFOPLIST_FILE = YES;
				INFOPLIST_FILE = RickAndMorty/Info.plist;
				INFOPLIST_KEY_UIApplicationSupportsIndirectInputEvents = YES;
				INFOPLIST_KEY_UILaunchStoryboardName = LaunchScreen;
				INFOPLIST_KEY_UISupportedInterfaceOrientations_iPad = "UIInterfaceOrientationPortrait UIInterfaceOrientationPortraitUpsideDown UIInterfaceOrientationLandscapeLeft UIInterfaceOrientationLandscapeRight";
				INFOPLIST_KEY_UISupportedInterfaceOrientations_iPhone = "UIInterfaceOrientationPortrait UIInterfaceOrientationLandscapeLeft UIInterfaceOrientationLandscapeRight";
				LD_RUNPATH_SEARCH_PATHS = (
					"$(inherited)",
					"@executable_path/Frameworks",
				);
				MARKETING_VERSION = 1.0;
				PRODUCT_BUNDLE_IDENTIFIER = br.com.RickAndMorty;
				PRODUCT_NAME = "$(TARGET_NAME)";
				SWIFT_EMIT_LOC_STRINGS = YES;
				SWIFT_VERSION = 5.0;
				TARGETED_DEVICE_FAMILY = "1,2";
			};
			name = Debug;
		};
		1EB2DA13298B2B7B00358B0D /* Release */ = {
			isa = XCBuildConfiguration;
			buildSettings = {
				ASSETCATALOG_COMPILER_APPICON_NAME = AppIcon;
				ASSETCATALOG_COMPILER_GLOBAL_ACCENT_COLOR_NAME = AccentColor;
				CODE_SIGN_STYLE = Automatic;
				CURRENT_PROJECT_VERSION = 1;
				GENERATE_INFOPLIST_FILE = YES;
				INFOPLIST_FILE = RickAndMorty/Info.plist;
				INFOPLIST_KEY_UIApplicationSupportsIndirectInputEvents = YES;
				INFOPLIST_KEY_UILaunchStoryboardName = LaunchScreen;
				INFOPLIST_KEY_UISupportedInterfaceOrientations_iPad = "UIInterfaceOrientationPortrait UIInterfaceOrientationPortraitUpsideDown UIInterfaceOrientationLandscapeLeft UIInterfaceOrientationLandscapeRight";
				INFOPLIST_KEY_UISupportedInterfaceOrientations_iPhone = "UIInterfaceOrientationPortrait UIInterfaceOrientationLandscapeLeft UIInterfaceOrientationLandscapeRight";
				LD_RUNPATH_SEARCH_PATHS = (
					"$(inherited)",
					"@executable_path/Frameworks",
				);
				MARKETING_VERSION = 1.0;
				PRODUCT_BUNDLE_IDENTIFIER = br.com.RickAndMorty;
				PRODUCT_NAME = "$(TARGET_NAME)";
				SWIFT_EMIT_LOC_STRINGS = YES;
				SWIFT_VERSION = 5.0;
				TARGETED_DEVICE_FAMILY = "1,2";
			};
			name = Release;
		};
/* End XCBuildConfiguration section */

/* Begin XCConfigurationList section */
		1EB2D9F8298B2B7900358B0D /* Build configuration list for PBXProject "RickAndMorty" */ = {
			isa = XCConfigurationList;
			buildConfigurations = (
				1EB2DA0F298B2B7B00358B0D /* Debug */,
				1EB2DA10298B2B7B00358B0D /* Release */,
			);
			defaultConfigurationIsVisible = 0;
			defaultConfigurationName = Release;
		};
		1EB2DA11298B2B7B00358B0D /* Build configuration list for PBXNativeTarget "RickAndMorty" */ = {
			isa = XCConfigurationList;
			buildConfigurations = (
				1EB2DA12298B2B7B00358B0D /* Debug */,
				1EB2DA13298B2B7B00358B0D /* Release */,
			);
			defaultConfigurationIsVisible = 0;
			defaultConfigurationName = Release;
		};
/* End XCConfigurationList section */
	};
	rootObject = 1EB2D9F5298B2B7900358B0D /* Project object */;
}
